version = 1
revision = 3
requires-python = ">=3.14"

[[package]]
name = "basedpyright"
version = "1.34.0"
source = { registry = "https://pypi.org/simple" }
dependencies = [
    { name = "nodejs-wheel-binaries" },
]
sdist = { url = "https://files.pythonhosted.org/packages/a3/77/ded02ba2b400807b291fa2b9d29ac7f473e86a45d1f5212d8276e9029107/basedpyright-1.34.0.tar.gz", hash = "sha256:7ae3b06f644fac15fdd14a00d0d1f12f92a8205ae1609aabd5a0799b1a68be1d", size = 22803348, upload-time = "2025-11-19T14:48:16.38Z" }
wheels = [
    { url = "https://files.pythonhosted.org/packages/2a/9e/ced31964ed49f06be6197bd530958b6ddca9a079a8d7ee0ee7429cae9e27/basedpyright-1.34.0-py3-none-any.whl", hash = "sha256:e76015c1ebb671d2c6d7fef8a12bc0f1b9d15d74e17847b7b95a3a66e187c70f", size = 11865958, upload-time = "2025-11-19T14:48:13.724Z" },
]

[[package]]
name = "colorama"
version = "0.4.6"
source = { registry = "https://pypi.org/simple" }
sdist = { url = "https://files.pythonhosted.org/packages/d8/53/6f443c9a4a8358a93a6792e2acffb9d9d5cb0a5cfd8802644b7b1c9a02e4/colorama-0.4.6.tar.gz", hash = "sha256:08695f5cb7ed6e0531a20572697297273c47b8cae5a63ffc6d6ed5c201be6e44", size = 27697, upload-time = "2022-10-25T02:36:22.414Z" }
wheels = [
    { url = "https://files.pythonhosted.org/packages/d1/d6/3965ed04c63042e047cb6a3e6ed1a63a35087b6a609aa3a15ed8ac56c221/colorama-0.4.6-py2.py3-none-any.whl", hash = "sha256:4f1d9991f5acc0ca119f9d443620b77f9d6b33703e51011c16baf57afb285fc6", size = 25335, upload-time = "2022-10-25T02:36:20.889Z" },
]

[[package]]
name = "iniconfig"
version = "2.3.0"
source = { registry = "https://pypi.org/simple" }
sdist = { url = "https://files.pythonhosted.org/packages/72/34/14ca021ce8e5dfedc35312d08ba8bf51fdd999c576889fc2c24cb97f4f10/iniconfig-2.3.0.tar.gz", hash = "sha256:c76315c77db068650d49c5b56314774a7804df16fee4402c1f19d6d15d8c4730", size = 20503, upload-time = "2025-10-18T21:55:43.219Z" }
wheels = [
    { url = "https://files.pythonhosted.org/packages/cb/b1/3846dd7f199d53cb17f49cba7e651e9ce294d8497c8c150530ed11865bb8/iniconfig-2.3.0-py3-none-any.whl", hash = "sha256:f631c04d2c48c52b84d0d0549c99ff3859c98df65b3101406327ecc7d53fbf12", size = 7484, upload-time = "2025-10-18T21:55:41.639Z" },
]

[[package]]
name = "markdown-it-py"
version = "4.0.0"
source = { registry = "https://pypi.org/simple" }
dependencies = [
    { name = "mdurl" },
]
sdist = { url = "https://files.pythonhosted.org/packages/5b/f5/4ec618ed16cc4f8fb3b701563655a69816155e79e24a17b651541804721d/markdown_it_py-4.0.0.tar.gz", hash = "sha256:cb0a2b4aa34f932c007117b194e945bd74e0ec24133ceb5bac59009cda1cb9f3", size = 73070, upload-time = "2025-08-11T12:57:52.854Z" }
wheels = [
    { url = "https://files.pythonhosted.org/packages/94/54/e7d793b573f298e1c9013b8c4dade17d481164aa517d1d7148619c2cedbf/markdown_it_py-4.0.0-py3-none-any.whl", hash = "sha256:87327c59b172c5011896038353a81343b6754500a08cd7a4973bb48c6d578147", size = 87321, upload-time = "2025-08-11T12:57:51.923Z" },
]

[[package]]
name = "mdurl"
version = "0.1.2"
source = { registry = "https://pypi.org/simple" }
sdist = { url = "https://files.pythonhosted.org/packages/d6/54/cfe61301667036ec958cb99bd3efefba235e65cdeb9c84d24a8293ba1d90/mdurl-0.1.2.tar.gz", hash = "sha256:bb413d29f5eea38f31dd4754dd7377d4465116fb207585f97bf925588687c1ba", size = 8729, upload-time = "2022-08-14T12:40:10.846Z" }
wheels = [
    { url = "https://files.pythonhosted.org/packages/b3/38/89ba8ad64ae25be8de66a6d463314cf1eb366222074cfda9ee839c56a4b4/mdurl-0.1.2-py3-none-any.whl", hash = "sha256:84008a41e51615a49fc9966191ff91509e3c40b939176e643fd50a5c2196b8f8", size = 9979, upload-time = "2022-08-14T12:40:09.779Z" },
]

[[package]]
name = "nodejs-wheel-binaries"
version = "24.11.1"
source = { registry = "https://pypi.org/simple" }
sdist = { url = "https://files.pythonhosted.org/packages/e4/89/da307731fdbb05a5f640b26de5b8ac0dc463fef059162accfc89e32f73bc/nodejs_wheel_binaries-24.11.1.tar.gz", hash = "sha256:413dfffeadfb91edb4d8256545dea797c237bba9b3faefea973cde92d96bb922", size = 8059, upload-time = "2025-11-18T18:21:58.207Z" }
wheels = [
    { url = "https://files.pythonhosted.org/packages/e4/5f/be5a4112e678143d4c15264d918f9a2dc086905c6426eb44515cf391a958/nodejs_wheel_binaries-24.11.1-py2.py3-none-macosx_13_0_arm64.whl", hash = "sha256:0e14874c3579def458245cdbc3239e37610702b0aa0975c1dc55e2cb80e42102", size = 55114309, upload-time = "2025-11-18T18:21:21.697Z" },
    { url = "https://files.pythonhosted.org/packages/fa/1c/2e9d6af2ea32b65928c42b3e5baa7a306870711d93c3536cb25fc090a80d/nodejs_wheel_binaries-24.11.1-py2.py3-none-macosx_13_0_x86_64.whl", hash = "sha256:c2741525c9874b69b3e5a6d6c9179a6fe484ea0c3d5e7b7c01121c8e5d78b7e2", size = 55285957, upload-time = "2025-11-18T18:21:27.177Z" },
    { url = "https://files.pythonhosted.org/packages/d0/79/35696d7ba41b1bd35ef8682f13d46ba38c826c59e58b86b267458eb53d87/nodejs_wheel_binaries-24.11.1-py2.py3-none-manylinux_2_28_aarch64.whl", hash = "sha256:5ef598101b0fb1c2bf643abb76dfbf6f76f1686198ed17ae46009049ee83c546", size = 59645875, upload-time = "2025-11-18T18:21:33.004Z" },
    { url = "https://files.pythonhosted.org/packages/b4/98/2a9694adee0af72bc602a046b0632a0c89e26586090c558b1c9199b187cc/nodejs_wheel_binaries-24.11.1-py2.py3-none-manylinux_2_28_x86_64.whl", hash = "sha256:cde41d5e4705266688a8d8071debf4f8a6fcea264c61292782672ee75a6905f9", size = 60140941, upload-time = "2025-11-18T18:21:37.228Z" },
    { url = "https://files.pythonhosted.org/packages/d0/d6/573e5e2cba9d934f5f89d0beab00c3315e2e6604eb4df0fcd1d80c5a07a8/nodejs_wheel_binaries-24.11.1-py2.py3-none-musllinux_1_2_aarch64.whl", hash = "sha256:78bc5bb889313b565df8969bb7423849a9c7fc218bf735ff0ce176b56b3e96f0", size = 61644243, upload-time = "2025-11-18T18:21:43.325Z" },
    { url = "https://files.pythonhosted.org/packages/c7/e6/643234d5e94067df8ce8d7bba10f3804106668f7a1050aeb10fdd226ead4/nodejs_wheel_binaries-24.11.1-py2.py3-none-musllinux_1_2_x86_64.whl", hash = "sha256:c79a7e43869ccecab1cae8183778249cceb14ca2de67b5650b223385682c6239", size = 62225657, upload-time = "2025-11-18T18:21:47.708Z" },
    { url = "https://files.pythonhosted.org/packages/4d/1c/2fb05127102a80225cab7a75c0e9edf88a0a1b79f912e1e36c7c1aaa8f4e/nodejs_wheel_binaries-24.11.1-py2.py3-none-win_amd64.whl", hash = "sha256:10197b1c9c04d79403501766f76508b0dac101ab34371ef8a46fcf51773497d0", size = 41322308, upload-time = "2025-11-18T18:21:51.347Z" },
    { url = "https://files.pythonhosted.org/packages/ad/b7/bc0cdbc2cc3a66fcac82c79912e135a0110b37b790a14c477f18e18d90cd/nodejs_wheel_binaries-24.11.1-py2.py3-none-win_arm64.whl", hash = "sha256:376b9ea1c4bc1207878975dfeb604f7aa5668c260c6154dcd2af9d42f7734116", size = 39026497, upload-time = "2025-11-18T18:21:54.634Z" },
]

[[package]]
name = "packaging"
version = "25.0"
source = { registry = "https://pypi.org/simple" }
sdist = { url = "https://files.pythonhosted.org/packages/a1/d4/1fc4078c65507b51b96ca8f8c3ba19e6a61c8253c72794544580a7b6c24d/packaging-25.0.tar.gz", hash = "sha256:d443872c98d677bf60f6a1f2f8c1cb748e8fe762d2bf9d3148b5599295b0fc4f", size = 165727, upload-time = "2025-04-19T11:48:59.673Z" }
wheels = [
    { url = "https://files.pythonhosted.org/packages/20/12/38679034af332785aac8774540895e234f4d07f7545804097de4b666afd8/packaging-25.0-py3-none-any.whl", hash = "sha256:29572ef2b1f17581046b3a2227d5c611fb25ec70ca1ba8554b24b0e69331a484", size = 66469, upload-time = "2025-04-19T11:48:57.875Z" },
]

[[package]]
name = "pluggy"
version = "1.6.0"
source = { registry = "https://pypi.org/simple" }
sdist = { url = "https://files.pythonhosted.org/packages/f9/e2/3e91f31a7d2b083fe6ef3fa267035b518369d9511ffab804f839851d2779/pluggy-1.6.0.tar.gz", hash = "sha256:7dcc130b76258d33b90f61b658791dede3486c3e6bfb003ee5c9bfb396dd22f3", size = 69412, upload-time = "2025-05-15T12:30:07.975Z" }
wheels = [
    { url = "https://files.pythonhosted.org/packages/54/20/4d324d65cc6d9205fabedc306948156824eb9f0ee1633355a8f7ec5c66bf/pluggy-1.6.0-py3-none-any.whl", hash = "sha256:e920276dd6813095e9377c0bc5566d94c932c33b27a3e3945d8389c374dd4746", size = 20538, upload-time = "2025-05-15T12:30:06.134Z" },
]

[[package]]
name = "pygments"
version = "2.19.2"
source = { registry = "https://pypi.org/simple" }
sdist = { url = "https://files.pythonhosted.org/packages/b0/77/a5b8c569bf593b0140bde72ea885a803b82086995367bf2037de0159d924/pygments-2.19.2.tar.gz", hash = "sha256:636cb2477cec7f8952536970bc533bc43743542f70392ae026374600add5b887", size = 4968631, upload-time = "2025-06-21T13:39:12.283Z" }
wheels = [
    { url = "https://files.pythonhosted.org/packages/c7/21/705964c7812476f378728bdf590ca4b771ec72385c533964653c68e86bdc/pygments-2.19.2-py3-none-any.whl", hash = "sha256:86540386c03d588bb81d44bc3928634ff26449851e99741617ecb9037ee5ec0b", size = 1225217, upload-time = "2025-06-21T13:39:07.939Z" },
]

[[package]]
name = "pyproject-test"
version = "0.1.0"
source = { virtual = "." }
dependencies = [
    { name = "rich" },
]

[package.dev-dependencies]
dev = [
    { name = "basedpyright" },
    { name = "pytest" },
]

[package.metadata]
requires-dist = [{ name = "rich", specifier = ">=14.2.0" }]

[package.metadata.requires-dev]
dev = [
    { name = "basedpyright", specifier = ">=1.34.0" },
    { name = "pytest", specifier = ">=8.4.2" },
]

[[package]]
name = "pytest"
version = "9.0.1"
source = { registry = "https://pypi.org/simple" }
dependencies = [
    { name = "colorama", marker = "sys_platform == 'win32'" },
    { name = "iniconfig" },
    { name = "packaging" },
    { name = "pluggy" },
    { name = "pygments" },
]
sdist = { url = "https://files.pythonhosted.org/packages/07/56/f013048ac4bc4c1d9be45afd4ab209ea62822fb1598f40687e6bf45dcea4/pytest-9.0.1.tar.gz", hash = "sha256:3e9c069ea73583e255c3b21cf46b8d3c56f6e3a1a8f6da94ccb0fcf57b9d73c8", size = 1564125, upload-time = "2025-11-12T13:05:09.333Z" }
wheels = [
    { url = "https://files.pythonhosted.org/packages/0b/8b/6300fb80f858cda1c51ffa17075df5d846757081d11ab4aa35cef9e6258b/pytest-9.0.1-py3-none-any.whl", hash = "sha256:67be0030d194df2dfa7b556f2e56fb3c3315bd5c8822c6951162b92b32ce7dad", size = 373668, upload-time = "2025-11-12T13:05:07.379Z" },
]

[[package]]
name = "rich"
version = "14.2.0"
source = { registry = "https://pypi.org/simple" }
dependencies = [
    { name = "markdown-it-py" },
    { name = "pygments" },
]
sdist = { url = "https://files.pythonhosted.org/packages/fb/d2/8920e102050a0de7bfabeb4c4614a49248cf8d5d7a8d01885fbb24dc767a/rich-14.2.0.tar.gz", hash = "sha256:73ff50c7c0c1c77c8243079283f4edb376f0f6442433aecb8ce7e6d0b92d1fe4", size = 219990, upload-time = "2025-10-09T14:16:53.064Z" }
wheels = [
    { url = "https://files.pythonhosted.org/packages/25/7a/b0178788f8dc6cafce37a212c99565fa1fe7872c70c6c9c1e1a372d9d88f/rich-14.2.0-py3-none-any.whl", hash = "sha256:76bc51fe2e57d2b1be1f96c524b890b816e334ab4c1e45888799bfaab0021edd", size = 243393, upload-time = "2025-10-09T14:16:51.245Z" },
]
